
Microsoft Visual Studio Solution File, Format Version 12.00
# Visual Studio Version 17
VisualStudioVersion = 17.11.35219.272
MinimumVisualStudioVersion = 10.0.40219.1
Project("{9A19103F-16F7-4668-BE54-9A1E7A4F7556}") = "PaqJet.Web", "PaqJet.Web\PaqJet.Web.csproj", "{B769C931-F2C2-4326-B229-F52940904A3F}"
EndProject
Project("{9A19103F-16F7-4668-BE54-9A1E7A4F7556}") = "PaqJet.API", "PaqJet.API\PaqJet.API.csproj", "{6BA83A65-EDAD-4604-8F6F-6342C1AE5F25}"
EndProject
Project("{9A19103F-16F7-4668-BE54-9A1E7A4F7556}") = "PaqJet.Domain", "PaqJet.Domain\PaqJet.Domain.csproj", "{54438821-FE39-494F-B78F-5E8DB26058CC}"
EndProject
Project("{FAE04EC0-301F-11D3-BF4B-00C04F79EFBC}") = "PaqJet.Infrastructure", "PaqJet.Infrastructure\PaqJet.Infrastructure.csproj", "{5EC9142B-54DE-479E-B6D9-101F27942280}"
EndProject
Project("{FAE04EC0-301F-11D3-BF4B-00C04F79EFBC}") = "PaqJet.Application", "PaqJet.Application\PaqJet.Application.csproj", "{0F446C0D-1470-473E-A121-5F93A3FBE2B8}"
EndProject
Project("{FAE04EC0-301F-11D3-BF4B-00C04F79EFBC}") = "PaqJet.Persistence", "PaqJet.Persistence\PaqJet.Persistence.csproj", "{5BD61B47-2014-417A-8046-A45FBF8999FA}"
EndProject
Global
	GlobalSection(SolutionConfigurationPlatforms) = preSolution
		Debug|Any CPU = Debug|Any CPU
		Release|Any CPU = Release|Any CPU
	EndGlobalSection
	GlobalSection(ProjectConfigurationPlatforms) = postSolution
		{B769C931-F2C2-4326-B229-F52940904A3F}.Debug|Any CPU.ActiveCfg = Debug|Any CPU
		{B769C931-F2C2-4326-B229-F52940904A3F}.Debug|Any CPU.Build.0 = Debug|Any CPU
		{B769C931-F2C2-4326-B229-F52940904A3F}.Release|Any CPU.ActiveCfg = Release|Any CPU
		{B769C931-F2C2-4326-B229-F52940904A3F}.Release|Any CPU.Build.0 = Release|Any CPU
		{6BA83A65-EDAD-4604-8F6F-6342C1AE5F25}.Debug|Any CPU.ActiveCfg = Debug|Any CPU
		{6BA83A65-EDAD-4604-8F6F-6342C1AE5F25}.Debug|Any CPU.Build.0 = Debug|Any CPU
		{6BA83A65-EDAD-4604-8F6F-6342C1AE5F25}.Release|Any CPU.ActiveCfg = Release|Any CPU
		{6BA83A65-EDAD-4604-8F6F-6342C1AE5F25}.Release|Any CPU.Build.0 = Release|Any CPU
		{54438821-FE39-494F-B78F-5E8DB26058CC}.Debug|Any CPU.ActiveCfg = Debug|Any CPU
		{54438821-FE39-494F-B78F-5E8DB26058CC}.Debug|Any CPU.Build.0 = Debug|Any CPU
		{54438821-FE39-494F-B78F-5E8DB26058CC}.Release|Any CPU.ActiveCfg = Release|Any CPU
		{54438821-FE39-494F-B78F-5E8DB26058CC}.Release|Any CPU.Build.0 = Release|Any CPU
		{5EC9142B-54DE-479E-B6D9-101F27942280}.Debug|Any CPU.ActiveCfg = Debug|Any CPU
		{5EC9142B-54DE-479E-B6D9-101F27942280}.Debug|Any CPU.Build.0 = Debug|Any CPU
		{5EC9142B-54DE-479E-B6D9-101F27942280}.Release|Any CPU.ActiveCfg = Release|Any CPU
		{5EC9142B-54DE-479E-B6D9-101F27942280}.Release|Any CPU.Build.0 = Release|Any CPU
		{0F446C0D-1470-473E-A121-5F93A3FBE2B8}.Debug|Any CPU.ActiveCfg = Debug|Any CPU
		{0F446C0D-1470-473E-A121-5F93A3FBE2B8}.Debug|Any CPU.Build.0 = Debug|Any CPU
		{0F446C0D-1470-473E-A121-5F93A3FBE2B8}.Release|Any CPU.ActiveCfg = Release|Any CPU
		{0F446C0D-1470-473E-A121-5F93A3FBE2B8}.Release|Any CPU.Build.0 = Release|Any CPU
		{5BD61B47-2014-417A-8046-A45FBF8999FA}.Debug|Any CPU.ActiveCfg = Debug|Any CPU
		{5BD61B47-2014-417A-8046-A45FBF8999FA}.Debug|Any CPU.Build.0 = Debug|Any CPU
		{5BD61B47-2014-417A-8046-A45FBF8999FA}.Release|Any CPU.ActiveCfg = Release|Any CPU
		{5BD61B47-2014-417A-8046-A45FBF8999FA}.Release|Any CPU.Build.0 = Release|Any CPU
	EndGlobalSection
	GlobalSection(SolutionProperties) = preSolution
		HideSolutionNode = FALSE
	EndGlobalSection
	GlobalSection(ExtensibilityGlobals) = postSolution
		SolutionGuid = {F827F0EB-A695-4443-A4D5-F5B87FAA9430}
	EndGlobalSection
EndGlobal
