
Microsoft Visual Studio Solution File, Format Version 12.00
# Visual Studio Version 17
VisualStudioVersion = 17.11.35219.272
MinimumVisualStudioVersion = 10.0.40219.1
Project("{9A19103F-16F7-4668-BE54-9A1E7A4F7556}") = "MyChamba2", "MyChamba2\MyChamba2.csproj", "{ED1B53AB-A2E3-4C65-986B-98510BB7DE24}"
EndProject
Project("{9A19103F-16F7-4668-BE54-9A1E7A4F7556}") = "MyChamba1", "MyChamba1\MyChamba1.csproj", "{27071F85-7443-4BB6-B316-0BB93CDD739A}"
EndProject
Project("{9A19103F-16F7-4668-BE54-9A1E7A4F7556}") = "MyChamba3", "MyChamba3\MyChamba3.csproj", "{E5559622-482A-4B04-94BC-BA2C1E39E1A3}"
EndProject
Project("{FAE04EC0-301F-11D3-BF4B-00C04F79EFBC}") = "MyChamba4", "MyChamba4\MyChamba4.csproj", "{31FC9FD1-DC0D-48CF-95C5-B83B8E2AA58E}"
EndProject
Project("{FAE04EC0-301F-11D3-BF4B-00C04F79EFBC}") = "MyChamba5", "MyChamba5\MyChamba5.csproj", "{A632D076-CF62-49A1-9E83-7A6AB0275E1B}"
EndProject
Global
	GlobalSection(SolutionConfigurationPlatforms) = preSolution
		Debug|Any CPU = Debug|Any CPU
		Release|Any CPU = Release|Any CPU
	EndGlobalSection
	GlobalSection(ProjectConfigurationPlatforms) = postSolution
		{ED1B53AB-A2E3-4C65-986B-98510BB7DE24}.Debug|Any CPU.ActiveCfg = Debug|Any CPU
		{ED1B53AB-A2E3-4C65-986B-98510BB7DE24}.Debug|Any CPU.Build.0 = Debug|Any CPU
		{ED1B53AB-A2E3-4C65-986B-98510BB7DE24}.Release|Any CPU.ActiveCfg = Release|Any CPU
		{ED1B53AB-A2E3-4C65-986B-98510BB7DE24}.Release|Any CPU.Build.0 = Release|Any CPU
		{27071F85-7443-4BB6-B316-0BB93CDD739A}.Debug|Any CPU.ActiveCfg = Debug|Any CPU
		{27071F85-7443-4BB6-B316-0BB93CDD739A}.Debug|Any CPU.Build.0 = Debug|Any CPU
		{27071F85-7443-4BB6-B316-0BB93CDD739A}.Release|Any CPU.ActiveCfg = Release|Any CPU
		{27071F85-7443-4BB6-B316-0BB93CDD739A}.Release|Any CPU.Build.0 = Release|Any CPU
		{E5559622-482A-4B04-94BC-BA2C1E39E1A3}.Debug|Any CPU.ActiveCfg = Debug|Any CPU
		{E5559622-482A-4B04-94BC-BA2C1E39E1A3}.Debug|Any CPU.Build.0 = Debug|Any CPU
		{E5559622-482A-4B04-94BC-BA2C1E39E1A3}.Release|Any CPU.ActiveCfg = Release|Any CPU
		{E5559622-482A-4B04-94BC-BA2C1E39E1A3}.Release|Any CPU.Build.0 = Release|Any CPU
		{31FC9FD1-DC0D-48CF-95C5-B83B8E2AA58E}.Debug|Any CPU.ActiveCfg = Debug|Any CPU
		{31FC9FD1-DC0D-48CF-95C5-B83B8E2AA58E}.Debug|Any CPU.Build.0 = Debug|Any CPU
		{31FC9FD1-DC0D-48CF-95C5-B83B8E2AA58E}.Release|Any CPU.ActiveCfg = Release|Any CPU
		{31FC9FD1-DC0D-48CF-95C5-B83B8E2AA58E}.Release|Any CPU.Build.0 = Release|Any CPU
		{A632D076-CF62-49A1-9E83-7A6AB0275E1B}.Debug|Any CPU.ActiveCfg = Debug|Any CPU
		{A632D076-CF62-49A1-9E83-7A6AB0275E1B}.Debug|Any CPU.Build.0 = Debug|Any CPU
		{A632D076-CF62-49A1-9E83-7A6AB0275E1B}.Release|Any CPU.ActiveCfg = Release|Any CPU
		{A632D076-CF62-49A1-9E83-7A6AB0275E1B}.Release|Any CPU.Build.0 = Release|Any CPU
	EndGlobalSection
	GlobalSection(SolutionProperties) = preSolution
		HideSolutionNode = FALSE
	EndGlobalSection
	GlobalSection(ExtensibilityGlobals) = postSolution
		SolutionGuid = {D8E6A833-798C-4EC3-A019-4785EAD913E3}
	EndGlobalSection
EndGlobal
