
Microsoft Visual Studio Solution File, Format Version 12.00
# Visual Studio Version 17
VisualStudioVersion = 17.11.35219.272
MinimumVisualStudioVersion = 10.0.40219.1
Project("{9A19103F-16F7-4668-BE54-9A1E7A4F7556}") = "MyChamba1", "MiFirstChamba\MyChamba1.csproj", "{DC4EEA40-3816-48BA-86FB-F21459A61071}"
EndProject
Project("{FAE04EC0-301F-11D3-BF4B-00C04F79EFBC}") = "MyChambaPrep", "MyChamba2\MyChambaPrep.csproj", "{ED1B53AB-A2E3-4C65-986B-98510BB7DE24}"
EndProject
Project("{FAE04EC0-301F-11D3-BF4B-00C04F79EFBC}") = "MyChamba2.1", "MyChamba2.1\MyChamba2.1.csproj", "{0AF3933B-2631-469B-B9EB-2FAE4E1E33FB}"
EndProject
Global
	GlobalSection(SolutionConfigurationPlatforms) = preSolution
		Debug|Any CPU = Debug|Any CPU
		Release|Any CPU = Release|Any CPU
	EndGlobalSection
	GlobalSection(ProjectConfigurationPlatforms) = postSolution
		{DC4EEA40-3816-48BA-86FB-F21459A61071}.Debug|Any CPU.ActiveCfg = Debug|Any CPU
		{DC4EEA40-3816-48BA-86FB-F21459A61071}.Debug|Any CPU.Build.0 = Debug|Any CPU
		{DC4EEA40-3816-48BA-86FB-F21459A61071}.Release|Any CPU.ActiveCfg = Release|Any CPU
		{DC4EEA40-3816-48BA-86FB-F21459A61071}.Release|Any CPU.Build.0 = Release|Any CPU
		{ED1B53AB-A2E3-4C65-986B-98510BB7DE24}.Debug|Any CPU.ActiveCfg = Debug|Any CPU
		{ED1B53AB-A2E3-4C65-986B-98510BB7DE24}.Debug|Any CPU.Build.0 = Debug|Any CPU
		{ED1B53AB-A2E3-4C65-986B-98510BB7DE24}.Release|Any CPU.ActiveCfg = Release|Any CPU
		{ED1B53AB-A2E3-4C65-986B-98510BB7DE24}.Release|Any CPU.Build.0 = Release|Any CPU
		{0AF3933B-2631-469B-B9EB-2FAE4E1E33FB}.Debug|Any CPU.ActiveCfg = Debug|Any CPU
		{0AF3933B-2631-469B-B9EB-2FAE4E1E33FB}.Debug|Any CPU.Build.0 = Debug|Any CPU
		{0AF3933B-2631-469B-B9EB-2FAE4E1E33FB}.Release|Any CPU.ActiveCfg = Release|Any CPU
		{0AF3933B-2631-469B-B9EB-2FAE4E1E33FB}.Release|Any CPU.Build.0 = Release|Any CPU
	EndGlobalSection
	GlobalSection(SolutionProperties) = preSolution
		HideSolutionNode = FALSE
	EndGlobalSection
	GlobalSection(ExtensibilityGlobals) = postSolution
		SolutionGuid = {D8E6A833-798C-4EC3-A019-4785EAD913E3}
	EndGlobalSection
EndGlobal
